// !$*UTF8*$!
{
	archiveVersion = 1;
	classes = {
	};
	objectVersion = 56;
	objects = {

/* Begin PBXBuildFile section */
		753951D32A3450A300072E18 /* SongViewCellInteractor.swift in Sources */ = {isa = PBXBuildFile; fileRef = 753951D22A3450A300072E18 /* SongViewCellInteractor.swift */; };
		753951D62A3462FF00072E18 /* MusicPlayer in Frameworks */ = {isa = PBXBuildFile; productRef = 753951D52A3462FF00072E18 /* MusicPlayer */; };
		7552F03F2A3787F4001D1EAD /* String+Extension.swift in Sources */ = {isa = PBXBuildFile; fileRef = 7552F03E2A3787F4001D1EAD /* String+Extension.swift */; };
		7552F0422A378CD1001D1EAD /* SDWebImage in Frameworks */ = {isa = PBXBuildFile; productRef = 7552F0412A378CD1001D1EAD /* SDWebImage */; };
		7552F0442A3793C4001D1EAD /* UIImage+Extension.swift in Sources */ = {isa = PBXBuildFile; fileRef = 7552F0432A3793C4001D1EAD /* UIImage+Extension.swift */; };
		7552F0462A3798C2001D1EAD /* UIView+Extension.swift in Sources */ = {isa = PBXBuildFile; fileRef = 7552F0452A3798C2001D1EAD /* UIView+Extension.swift */; };
		7552F0482A379FF0001D1EAD /* UIImageView+Extension.swift in Sources */ = {isa = PBXBuildFile; fileRef = 7552F0472A379FF0001D1EAD /* UIImageView+Extension.swift */; };
		7552F04C2A392C5E001D1EAD /* FavoritesViewController.swift in Sources */ = {isa = PBXBuildFile; fileRef = 7552F04A2A392C5E001D1EAD /* FavoritesViewController.swift */; };
		7552F04F2A392C7E001D1EAD /* FavoritesPresenter.swift in Sources */ = {isa = PBXBuildFile; fileRef = 7552F04E2A392C7E001D1EAD /* FavoritesPresenter.swift */; };
		7552F0512A392C8B001D1EAD /* FavoritesInteractor.swift in Sources */ = {isa = PBXBuildFile; fileRef = 7552F0502A392C8B001D1EAD /* FavoritesInteractor.swift */; };
		7552F0532A392CA4001D1EAD /* FavoritesRouter.swift in Sources */ = {isa = PBXBuildFile; fileRef = 7552F0522A392CA4001D1EAD /* FavoritesRouter.swift */; };
		7552F0572A392D01001D1EAD /* FavoritesCollectionViewCell.swift in Sources */ = {isa = PBXBuildFile; fileRef = 7552F0552A392D01001D1EAD /* FavoritesCollectionViewCell.swift */; };
		7552F0582A392D01001D1EAD /* FavoritesCollectionViewCell.xib in Resources */ = {isa = PBXBuildFile; fileRef = 7552F0562A392D01001D1EAD /* FavoritesCollectionViewCell.xib */; };
		757478E12A311F69002E0E06 /* AppDelegate.swift in Sources */ = {isa = PBXBuildFile; fileRef = 757478E02A311F69002E0E06 /* AppDelegate.swift */; };
		757478E32A311F69002E0E06 /* SceneDelegate.swift in Sources */ = {isa = PBXBuildFile; fileRef = 757478E22A311F69002E0E06 /* SceneDelegate.swift */; };
		757478E52A311F69002E0E06 /* SearchViewController.swift in Sources */ = {isa = PBXBuildFile; fileRef = 757478E42A311F69002E0E06 /* SearchViewController.swift */; };
		757478E82A311F69002E0E06 /* Main.storyboard in Resources */ = {isa = PBXBuildFile; fileRef = 757478E62A311F69002E0E06 /* Main.storyboard */; };
		757478EB2A311F69002E0E06 /* ITunesApp.xcdatamodeld in Sources */ = {isa = PBXBuildFile; fileRef = 757478E92A311F69002E0E06 /* ITunesApp.xcdatamodeld */; };
		757478ED2A311F6A002E0E06 /* Assets.xcassets in Resources */ = {isa = PBXBuildFile; fileRef = 757478EC2A311F6A002E0E06 /* Assets.xcassets */; };
		757478F02A311F6A002E0E06 /* LaunchScreen.storyboard in Resources */ = {isa = PBXBuildFile; fileRef = 757478EE2A311F6A002E0E06 /* LaunchScreen.storyboard */; };
		757478FB2A311F6A002E0E06 /* ITunesAppTests.swift in Sources */ = {isa = PBXBuildFile; fileRef = 757478FA2A311F6A002E0E06 /* ITunesAppTests.swift */; };
		757479052A311F6A002E0E06 /* ITunesAppUITests.swift in Sources */ = {isa = PBXBuildFile; fileRef = 757479042A311F6A002E0E06 /* ITunesAppUITests.swift */; };
		757479072A311F6A002E0E06 /* ITunesAppUITestsLaunchTests.swift in Sources */ = {isa = PBXBuildFile; fileRef = 757479062A311F6A002E0E06 /* ITunesAppUITestsLaunchTests.swift */; };
		75BC133C2A31E9EB002F411C /* ITunesAPI in Frameworks */ = {isa = PBXBuildFile; productRef = 75BC133B2A31E9EB002F411C /* ITunesAPI */; };
		75BC13442A3235BF002F411C /* SearchPresenter.swift in Sources */ = {isa = PBXBuildFile; fileRef = 75BC13432A3235BF002F411C /* SearchPresenter.swift */; };
		75BC13462A3235DB002F411C /* SearchInteractor.swift in Sources */ = {isa = PBXBuildFile; fileRef = 75BC13452A3235DB002F411C /* SearchInteractor.swift */; };
		75BC13482A3235F4002F411C /* SearchRouter.swift in Sources */ = {isa = PBXBuildFile; fileRef = 75BC13472A3235F4002F411C /* SearchRouter.swift */; };
		75BC134A2A323640002F411C /* DetailViewController.swift in Sources */ = {isa = PBXBuildFile; fileRef = 75BC13492A323640002F411C /* DetailViewController.swift */; };
		75BC134E2A323663002F411C /* DetailPresenter.swift in Sources */ = {isa = PBXBuildFile; fileRef = 75BC134D2A323663002F411C /* DetailPresenter.swift */; };
		75BC13502A323675002F411C /* DetailInteractor.swift in Sources */ = {isa = PBXBuildFile; fileRef = 75BC134F2A323675002F411C /* DetailInteractor.swift */; };
		75BC13522A323681002F411C /* DetailRouter.swift in Sources */ = {isa = PBXBuildFile; fileRef = 75BC13512A323681002F411C /* DetailRouter.swift */; };
		75BC13552A324D3B002F411C /* UICollectionView+Extansion.swift in Sources */ = {isa = PBXBuildFile; fileRef = 75BC13542A324D3B002F411C /* UICollectionView+Extansion.swift */; };
		75BC13572A324D5F002F411C /* UICollectionViewCell+Extansion.swift in Sources */ = {isa = PBXBuildFile; fileRef = 75BC13562A324D5F002F411C /* UICollectionViewCell+Extansion.swift */; };
		75BC135C2A324DF1002F411C /* LoadingView.swift in Sources */ = {isa = PBXBuildFile; fileRef = 75BC135B2A324DF1002F411C /* LoadingView.swift */; };
		75BC135E2A324E1B002F411C /* LoadingShowable.swift in Sources */ = {isa = PBXBuildFile; fileRef = 75BC135D2A324E1B002F411C /* LoadingShowable.swift */; };
		75BC136A2A32638B002F411C /* BaseViewController.swift in Sources */ = {isa = PBXBuildFile; fileRef = 75BC13692A32638B002F411C /* BaseViewController.swift */; };
		75BC136F2A326C57002F411C /* ClassName+Extension.swift in Sources */ = {isa = PBXBuildFile; fileRef = 75BC136E2A326C57002F411C /* ClassName+Extension.swift */; };
		75BC13752A327D29002F411C /* SongViewCell.swift in Sources */ = {isa = PBXBuildFile; fileRef = 75BC13732A327D29002F411C /* SongViewCell.swift */; };
		75BC13762A327D29002F411C /* SongViewCell.xib in Resources */ = {isa = PBXBuildFile; fileRef = 75BC13742A327D29002F411C /* SongViewCell.xib */; };
		75BC137A2A327DA9002F411C /* SplashViewController.swift in Sources */ = {isa = PBXBuildFile; fileRef = 75BC13782A327DA9002F411C /* SplashViewController.swift */; };
		75BC137B2A327DA9002F411C /* SplashViewController.xib in Resources */ = {isa = PBXBuildFile; fileRef = 75BC13792A327DA9002F411C /* SplashViewController.xib */; };
		75BC137D2A327E67002F411C /* SplashPresenter.swift in Sources */ = {isa = PBXBuildFile; fileRef = 75BC137C2A327E67002F411C /* SplashPresenter.swift */; };
		75BC137F2A327F26002F411C /* SplashRouter.swift in Sources */ = {isa = PBXBuildFile; fileRef = 75BC137E2A327F26002F411C /* SplashRouter.swift */; };
		75BC13812A327F34002F411C /* SplashInteractor.swift in Sources */ = {isa = PBXBuildFile; fileRef = 75BC13802A327F34002F411C /* SplashInteractor.swift */; };
		75ED21282A34C88D000CFC6A /* DetailViewController.storyboard in Resources */ = {isa = PBXBuildFile; fileRef = 75ED21272A34C88D000CFC6A /* DetailViewController.storyboard */; };
		75EF315F2A39346100DB9516 /* FavoritesViewController.storyboard in Resources */ = {isa = PBXBuildFile; fileRef = 75EF315E2A39346100DB9516 /* FavoritesViewController.storyboard */; };
		75EF31612A393B9700DB9516 /* FavoritesCollectionViewCellPresenter.swift in Sources */ = {isa = PBXBuildFile; fileRef = 75EF31602A393B9700DB9516 /* FavoritesCollectionViewCellPresenter.swift */; };
		75EF31632A393BAC00DB9516 /* FavoritesCollectionViewCellInteractor.swift in Sources */ = {isa = PBXBuildFile; fileRef = 75EF31622A393BAC00DB9516 /* FavoritesCollectionViewCellInteractor.swift */; };
		75EF31682A39B19700DB9516 /* FavortiesRepository.swift in Sources */ = {isa = PBXBuildFile; fileRef = 75EF31672A39B19700DB9516 /* FavortiesRepository.swift */; };
		75EF316A2A39B4C300DB9516 /* SearchEntity.swift in Sources */ = {isa = PBXBuildFile; fileRef = 75EF31692A39B4C300DB9516 /* SearchEntity.swift */; };
		75F07EB42A33A406005848C0 /* SearchViewController.storyboard in Resources */ = {isa = PBXBuildFile; fileRef = 75F07EB32A33A406005848C0 /* SearchViewController.storyboard */; };
		75F07EB62A33BBF9005848C0 /* SongViewCellPresenter.swift in Sources */ = {isa = PBXBuildFile; fileRef = 75F07EB52A33BBF9005848C0 /* SongViewCellPresenter.swift */; };
		75FC206B2A39DB61003F43F0 /* Helper.swift in Sources */ = {isa = PBXBuildFile; fileRef = 75FC206A2A39DB61003F43F0 /* Helper.swift */; };
/* End PBXBuildFile section */

/* Begin PBXContainerItemProxy section */
		757478F72A311F6A002E0E06 /* PBXContainerItemProxy */ = {
			isa = PBXContainerItemProxy;
			containerPortal = 757478D52A311F69002E0E06 /* Project object */;
			proxyType = 1;
			remoteGlobalIDString = 757478DC2A311F69002E0E06;
			remoteInfo = ITunesApp;
		};
		757479012A311F6A002E0E06 /* PBXContainerItemProxy */ = {
			isa = PBXContainerItemProxy;
			containerPortal = 757478D52A311F69002E0E06 /* Project object */;
			proxyType = 1;
			remoteGlobalIDString = 757478DC2A311F69002E0E06;
			remoteInfo = ITunesApp;
		};
/* End PBXContainerItemProxy section */

/* Begin PBXFileReference section */
		753951D22A3450A300072E18 /* SongViewCellInteractor.swift */ = {isa = PBXFileReference; lastKnownFileType = sourcecode.swift; path = SongViewCellInteractor.swift; sourceTree = "<group>"; };
		753951D42A3462EC00072E18 /* MusicPlayer */ = {isa = PBXFileReference; lastKnownFileType = wrapper; name = MusicPlayer; path = ../MusicPlayer; sourceTree = "<group>"; };
		7552F03E2A3787F4001D1EAD /* String+Extension.swift */ = {isa = PBXFileReference; lastKnownFileType = sourcecode.swift; path = "String+Extension.swift"; sourceTree = "<group>"; };
		7552F0432A3793C4001D1EAD /* UIImage+Extension.swift */ = {isa = PBXFileReference; lastKnownFileType = sourcecode.swift; path = "UIImage+Extension.swift"; sourceTree = "<group>"; };
		7552F0452A3798C2001D1EAD /* UIView+Extension.swift */ = {isa = PBXFileReference; lastKnownFileType = sourcecode.swift; path = "UIView+Extension.swift"; sourceTree = "<group>"; };
		7552F0472A379FF0001D1EAD /* UIImageView+Extension.swift */ = {isa = PBXFileReference; lastKnownFileType = sourcecode.swift; path = "UIImageView+Extension.swift"; sourceTree = "<group>"; };
		7552F04A2A392C5E001D1EAD /* FavoritesViewController.swift */ = {isa = PBXFileReference; lastKnownFileType = sourcecode.swift; path = FavoritesViewController.swift; sourceTree = "<group>"; };
		7552F04E2A392C7E001D1EAD /* FavoritesPresenter.swift */ = {isa = PBXFileReference; lastKnownFileType = sourcecode.swift; path = FavoritesPresenter.swift; sourceTree = "<group>"; };
		7552F0502A392C8B001D1EAD /* FavoritesInteractor.swift */ = {isa = PBXFileReference; lastKnownFileType = sourcecode.swift; path = FavoritesInteractor.swift; sourceTree = "<group>"; };
		7552F0522A392CA4001D1EAD /* FavoritesRouter.swift */ = {isa = PBXFileReference; lastKnownFileType = sourcecode.swift; path = FavoritesRouter.swift; sourceTree = "<group>"; };
		7552F0552A392D01001D1EAD /* FavoritesCollectionViewCell.swift */ = {isa = PBXFileReference; lastKnownFileType = sourcecode.swift; path = FavoritesCollectionViewCell.swift; sourceTree = "<group>"; };
		7552F0562A392D01001D1EAD /* FavoritesCollectionViewCell.xib */ = {isa = PBXFileReference; lastKnownFileType = file.xib; path = FavoritesCollectionViewCell.xib; sourceTree = "<group>"; };
		757478DD2A311F69002E0E06 /* ITunesApp.app */ = {isa = PBXFileReference; explicitFileType = wrapper.application; includeInIndex = 0; path = ITunesApp.app; sourceTree = BUILT_PRODUCTS_DIR; };
		757478E02A311F69002E0E06 /* AppDelegate.swift */ = {isa = PBXFileReference; lastKnownFileType = sourcecode.swift; path = AppDelegate.swift; sourceTree = "<group>"; };
		757478E22A311F69002E0E06 /* SceneDelegate.swift */ = {isa = PBXFileReference; lastKnownFileType = sourcecode.swift; path = SceneDelegate.swift; sourceTree = "<group>"; };
		757478E42A311F69002E0E06 /* SearchViewController.swift */ = {isa = PBXFileReference; lastKnownFileType = sourcecode.swift; path = SearchViewController.swift; sourceTree = "<group>"; };
		757478E72A311F69002E0E06 /* Base */ = {isa = PBXFileReference; lastKnownFileType = file.storyboard; name = Base; path = Base.lproj/Main.storyboard; sourceTree = "<group>"; };
		757478EA2A311F69002E0E06 /* ITunesApp.xcdatamodel */ = {isa = PBXFileReference; lastKnownFileType = wrapper.xcdatamodel; path = ITunesApp.xcdatamodel; sourceTree = "<group>"; };
		757478EC2A311F6A002E0E06 /* Assets.xcassets */ = {isa = PBXFileReference; lastKnownFileType = folder.assetcatalog; path = Assets.xcassets; sourceTree = "<group>"; };
		757478EF2A311F6A002E0E06 /* Base */ = {isa = PBXFileReference; lastKnownFileType = file.storyboard; name = Base; path = Base.lproj/LaunchScreen.storyboard; sourceTree = "<group>"; };
		757478F12A311F6A002E0E06 /* Info.plist */ = {isa = PBXFileReference; lastKnownFileType = text.plist.xml; path = Info.plist; sourceTree = "<group>"; };
		757478F62A311F6A002E0E06 /* ITunesAppTests.xctest */ = {isa = PBXFileReference; explicitFileType = wrapper.cfbundle; includeInIndex = 0; path = ITunesAppTests.xctest; sourceTree = BUILT_PRODUCTS_DIR; };
		757478FA2A311F6A002E0E06 /* ITunesAppTests.swift */ = {isa = PBXFileReference; lastKnownFileType = sourcecode.swift; path = ITunesAppTests.swift; sourceTree = "<group>"; };
		757479002A311F6A002E0E06 /* ITunesAppUITests.xctest */ = {isa = PBXFileReference; explicitFileType = wrapper.cfbundle; includeInIndex = 0; path = ITunesAppUITests.xctest; sourceTree = BUILT_PRODUCTS_DIR; };
		757479042A311F6A002E0E06 /* ITunesAppUITests.swift */ = {isa = PBXFileReference; lastKnownFileType = sourcecode.swift; path = ITunesAppUITests.swift; sourceTree = "<group>"; };
		757479062A311F6A002E0E06 /* ITunesAppUITestsLaunchTests.swift */ = {isa = PBXFileReference; lastKnownFileType = sourcecode.swift; path = ITunesAppUITestsLaunchTests.swift; sourceTree = "<group>"; };
		75BC13432A3235BF002F411C /* SearchPresenter.swift */ = {isa = PBXFileReference; lastKnownFileType = sourcecode.swift; path = SearchPresenter.swift; sourceTree = "<group>"; };
		75BC13452A3235DB002F411C /* SearchInteractor.swift */ = {isa = PBXFileReference; lastKnownFileType = sourcecode.swift; path = SearchInteractor.swift; sourceTree = "<group>"; };
		75BC13472A3235F4002F411C /* SearchRouter.swift */ = {isa = PBXFileReference; lastKnownFileType = sourcecode.swift; path = SearchRouter.swift; sourceTree = "<group>"; };
		75BC13492A323640002F411C /* DetailViewController.swift */ = {isa = PBXFileReference; lastKnownFileType = sourcecode.swift; path = DetailViewController.swift; sourceTree = "<group>"; };
		75BC134D2A323663002F411C /* DetailPresenter.swift */ = {isa = PBXFileReference; lastKnownFileType = sourcecode.swift; path = DetailPresenter.swift; sourceTree = "<group>"; };
		75BC134F2A323675002F411C /* DetailInteractor.swift */ = {isa = PBXFileReference; lastKnownFileType = sourcecode.swift; path = DetailInteractor.swift; sourceTree = "<group>"; };
		75BC13512A323681002F411C /* DetailRouter.swift */ = {isa = PBXFileReference; lastKnownFileType = sourcecode.swift; path = DetailRouter.swift; sourceTree = "<group>"; };
		75BC13542A324D3B002F411C /* UICollectionView+Extansion.swift */ = {isa = PBXFileReference; lastKnownFileType = sourcecode.swift; path = "UICollectionView+Extansion.swift"; sourceTree = "<group>"; };
		75BC13562A324D5F002F411C /* UICollectionViewCell+Extansion.swift */ = {isa = PBXFileReference; lastKnownFileType = sourcecode.swift; path = "UICollectionViewCell+Extansion.swift"; sourceTree = "<group>"; };
		75BC135B2A324DF1002F411C /* LoadingView.swift */ = {isa = PBXFileReference; lastKnownFileType = sourcecode.swift; path = LoadingView.swift; sourceTree = "<group>"; };
		75BC135D2A324E1B002F411C /* LoadingShowable.swift */ = {isa = PBXFileReference; lastKnownFileType = sourcecode.swift; path = LoadingShowable.swift; sourceTree = "<group>"; };
		75BC13692A32638B002F411C /* BaseViewController.swift */ = {isa = PBXFileReference; lastKnownFileType = sourcecode.swift; path = BaseViewController.swift; sourceTree = "<group>"; };
		75BC136E2A326C57002F411C /* ClassName+Extension.swift */ = {isa = PBXFileReference; lastKnownFileType = sourcecode.swift; path = "ClassName+Extension.swift"; sourceTree = "<group>"; };
		75BC13732A327D29002F411C /* SongViewCell.swift */ = {isa = PBXFileReference; lastKnownFileType = sourcecode.swift; path = SongViewCell.swift; sourceTree = "<group>"; };
		75BC13742A327D29002F411C /* SongViewCell.xib */ = {isa = PBXFileReference; lastKnownFileType = file.xib; path = SongViewCell.xib; sourceTree = "<group>"; };
		75BC13782A327DA9002F411C /* SplashViewController.swift */ = {isa = PBXFileReference; lastKnownFileType = sourcecode.swift; path = SplashViewController.swift; sourceTree = "<group>"; };
		75BC13792A327DA9002F411C /* SplashViewController.xib */ = {isa = PBXFileReference; lastKnownFileType = file.xib; path = SplashViewController.xib; sourceTree = "<group>"; };
		75BC137C2A327E67002F411C /* SplashPresenter.swift */ = {isa = PBXFileReference; lastKnownFileType = sourcecode.swift; path = SplashPresenter.swift; sourceTree = "<group>"; };
		75BC137E2A327F26002F411C /* SplashRouter.swift */ = {isa = PBXFileReference; lastKnownFileType = sourcecode.swift; path = SplashRouter.swift; sourceTree = "<group>"; };
		75BC13802A327F34002F411C /* SplashInteractor.swift */ = {isa = PBXFileReference; lastKnownFileType = sourcecode.swift; path = SplashInteractor.swift; sourceTree = "<group>"; };
		75ED21272A34C88D000CFC6A /* DetailViewController.storyboard */ = {isa = PBXFileReference; lastKnownFileType = file.storyboard; path = DetailViewController.storyboard; sourceTree = "<group>"; };
		75EF315E2A39346100DB9516 /* FavoritesViewController.storyboard */ = {isa = PBXFileReference; lastKnownFileType = file.storyboard; path = FavoritesViewController.storyboard; sourceTree = "<group>"; };
		75EF31602A393B9700DB9516 /* FavoritesCollectionViewCellPresenter.swift */ = {isa = PBXFileReference; lastKnownFileType = sourcecode.swift; path = FavoritesCollectionViewCellPresenter.swift; sourceTree = "<group>"; };
		75EF31622A393BAC00DB9516 /* FavoritesCollectionViewCellInteractor.swift */ = {isa = PBXFileReference; lastKnownFileType = sourcecode.swift; path = FavoritesCollectionViewCellInteractor.swift; sourceTree = "<group>"; };
		75EF31672A39B19700DB9516 /* FavortiesRepository.swift */ = {isa = PBXFileReference; lastKnownFileType = sourcecode.swift; path = FavortiesRepository.swift; sourceTree = "<group>"; };
		75EF31692A39B4C300DB9516 /* SearchEntity.swift */ = {isa = PBXFileReference; lastKnownFileType = sourcecode.swift; path = SearchEntity.swift; sourceTree = "<group>"; };
		75F07EB22A328319005848C0 /* ITunesAPI */ = {isa = PBXFileReference; lastKnownFileType = wrapper; name = ITunesAPI; path = ../ITunesAPI; sourceTree = "<group>"; };
		75F07EB32A33A406005848C0 /* SearchViewController.storyboard */ = {isa = PBXFileReference; lastKnownFileType = file.storyboard; path = SearchViewController.storyboard; sourceTree = "<group>"; };
		75F07EB52A33BBF9005848C0 /* SongViewCellPresenter.swift */ = {isa = PBXFileReference; lastKnownFileType = sourcecode.swift; path = SongViewCellPresenter.swift; sourceTree = "<group>"; };
		75FC206A2A39DB61003F43F0 /* Helper.swift */ = {isa = PBXFileReference; lastKnownFileType = sourcecode.swift; path = Helper.swift; sourceTree = "<group>"; };
/* End PBXFileReference section */

/* Begin PBXFrameworksBuildPhase section */
		757478DA2A311F69002E0E06 /* Frameworks */ = {
			isa = PBXFrameworksBuildPhase;
			buildActionMask = 2147483647;
			files = (
				75BC133C2A31E9EB002F411C /* ITunesAPI in Frameworks */,
				7552F0422A378CD1001D1EAD /* SDWebImage in Frameworks */,
				753951D62A3462FF00072E18 /* MusicPlayer in Frameworks */,
			);
			runOnlyForDeploymentPostprocessing = 0;
		};
		757478F32A311F6A002E0E06 /* Frameworks */ = {
			isa = PBXFrameworksBuildPhase;
			buildActionMask = 2147483647;
			files = (
			);
			runOnlyForDeploymentPostprocessing = 0;
		};
		757478FD2A311F6A002E0E06 /* Frameworks */ = {
			isa = PBXFrameworksBuildPhase;
			buildActionMask = 2147483647;
			files = (
			);
			runOnlyForDeploymentPostprocessing = 0;
		};
/* End PBXFrameworksBuildPhase section */

/* Begin PBXGroup section */
		7552F0492A392C37001D1EAD /* FavoritesModule */ = {
			isa = PBXGroup;
			children = (
				7552F0542A392CDF001D1EAD /* Cells */,
				75EF315E2A39346100DB9516 /* FavoritesViewController.storyboard */,
				7552F04A2A392C5E001D1EAD /* FavoritesViewController.swift */,
				7552F04E2A392C7E001D1EAD /* FavoritesPresenter.swift */,
				7552F0502A392C8B001D1EAD /* FavoritesInteractor.swift */,
				7552F0522A392CA4001D1EAD /* FavoritesRouter.swift */,
			);
			path = FavoritesModule;
			sourceTree = "<group>";
		};
		7552F0542A392CDF001D1EAD /* Cells */ = {
			isa = PBXGroup;
			children = (
				7552F0552A392D01001D1EAD /* FavoritesCollectionViewCell.swift */,
				7552F0562A392D01001D1EAD /* FavoritesCollectionViewCell.xib */,
				75EF31602A393B9700DB9516 /* FavoritesCollectionViewCellPresenter.swift */,
				75EF31622A393BAC00DB9516 /* FavoritesCollectionViewCellInteractor.swift */,
			);
			path = Cells;
			sourceTree = "<group>";
		};
		757478D42A311F69002E0E06 = {
			isa = PBXGroup;
			children = (
				75F07EB12A328319005848C0 /* Packages */,
				757478DF2A311F69002E0E06 /* ITunesApp */,
				757478F92A311F6A002E0E06 /* ITunesAppTests */,
				757479032A311F6A002E0E06 /* ITunesAppUITests */,
				757478DE2A311F69002E0E06 /* Products */,
				75BC133A2A31E9EB002F411C /* Frameworks */,
			);
			sourceTree = "<group>";
		};
		757478DE2A311F69002E0E06 /* Products */ = {
			isa = PBXGroup;
			children = (
				757478DD2A311F69002E0E06 /* ITunesApp.app */,
				757478F62A311F6A002E0E06 /* ITunesAppTests.xctest */,
				757479002A311F6A002E0E06 /* ITunesAppUITests.xctest */,
			);
			name = Products;
			sourceTree = "<group>";
		};
		757478DF2A311F69002E0E06 /* ITunesApp */ = {
			isa = PBXGroup;
			children = (
				75BC136C2A3265C0002F411C /* App */,
				75BC13582A324DA5002F411C /* Cells */,
				75BC13532A324D20002F411C /* Extensions */,
				75BC13682A326378002F411C /* Module */,
				75BC135A2A324DBF002F411C /* Utils */,
				75BC13592A324DAD002F411C /* Views */,
				757478E62A311F69002E0E06 /* Main.storyboard */,
				757478EC2A311F6A002E0E06 /* Assets.xcassets */,
				757478EE2A311F6A002E0E06 /* LaunchScreen.storyboard */,
				757478F12A311F6A002E0E06 /* Info.plist */,
				757478E92A311F69002E0E06 /* ITunesApp.xcdatamodeld */,
			);
			path = ITunesApp;
			sourceTree = "<group>";
		};
		757478F92A311F6A002E0E06 /* ITunesAppTests */ = {
			isa = PBXGroup;
			children = (
				757478FA2A311F6A002E0E06 /* ITunesAppTests.swift */,
			);
			path = ITunesAppTests;
			sourceTree = "<group>";
		};
		757479032A311F6A002E0E06 /* ITunesAppUITests */ = {
			isa = PBXGroup;
			children = (
				757479042A311F6A002E0E06 /* ITunesAppUITests.swift */,
				757479062A311F6A002E0E06 /* ITunesAppUITestsLaunchTests.swift */,
			);
			path = ITunesAppUITests;
			sourceTree = "<group>";
		};
		75BC133A2A31E9EB002F411C /* Frameworks */ = {
			isa = PBXGroup;
			children = (
			);
			name = Frameworks;
			sourceTree = "<group>";
		};
		75BC133F2A323511002F411C /* SearchModule */ = {
			isa = PBXGroup;
			children = (
				75BC13722A326DE8002F411C /* Entity */,
				75BC13712A326DE2002F411C /* Views */,
				75BC13702A326DB2002F411C /* Cells */,
				757478E42A311F69002E0E06 /* SearchViewController.swift */,
				75F07EB32A33A406005848C0 /* SearchViewController.storyboard */,
				75BC13432A3235BF002F411C /* SearchPresenter.swift */,
				75BC13452A3235DB002F411C /* SearchInteractor.swift */,
				75BC13472A3235F4002F411C /* SearchRouter.swift */,
				75EF31692A39B4C300DB9516 /* SearchEntity.swift */,
			);
			path = SearchModule;
			sourceTree = "<group>";
		};
		75BC13402A323541002F411C /* DetailModule */ = {
			isa = PBXGroup;
			children = (
				75ED21272A34C88D000CFC6A /* DetailViewController.storyboard */,
				75BC13492A323640002F411C /* DetailViewController.swift */,
				75BC134D2A323663002F411C /* DetailPresenter.swift */,
				75BC134F2A323675002F411C /* DetailInteractor.swift */,
				75BC13512A323681002F411C /* DetailRouter.swift */,
			);
			path = DetailModule;
			sourceTree = "<group>";
		};
		75BC13532A324D20002F411C /* Extensions */ = {
			isa = PBXGroup;
			children = (
				75BC13542A324D3B002F411C /* UICollectionView+Extansion.swift */,
				75BC13562A324D5F002F411C /* UICollectionViewCell+Extansion.swift */,
				75BC136E2A326C57002F411C /* ClassName+Extension.swift */,
				7552F03E2A3787F4001D1EAD /* String+Extension.swift */,
				7552F0432A3793C4001D1EAD /* UIImage+Extension.swift */,
				7552F0452A3798C2001D1EAD /* UIView+Extension.swift */,
				7552F0472A379FF0001D1EAD /* UIImageView+Extension.swift */,
			);
			path = Extensions;
			sourceTree = "<group>";
		};
		75BC13582A324DA5002F411C /* Cells */ = {
			isa = PBXGroup;
			children = (
			);
			path = Cells;
			sourceTree = "<group>";
		};
		75BC13592A324DAD002F411C /* Views */ = {
			isa = PBXGroup;
			children = (
				75BC135B2A324DF1002F411C /* LoadingView.swift */,
			);
			path = Views;
			sourceTree = "<group>";
		};
		75BC135A2A324DBF002F411C /* Utils */ = {
			isa = PBXGroup;
			children = (
				75BC135D2A324E1B002F411C /* LoadingShowable.swift */,
				75FC206A2A39DB61003F43F0 /* Helper.swift */,
			);
			path = Utils;
			sourceTree = "<group>";
		};
		75BC13682A326378002F411C /* Module */ = {
			isa = PBXGroup;
			children = (
				75EF31662A39B16F00DB9516 /* Repostories */,
				7552F0492A392C37001D1EAD /* FavoritesModule */,
				75BC136D2A326BE2002F411C /* SplashModule */,
				75BC133F2A323511002F411C /* SearchModule */,
				75BC13402A323541002F411C /* DetailModule */,
				75BC136B2A3263A6002F411C /* Base */,
			);
			path = Module;
			sourceTree = "<group>";
		};
		75BC136B2A3263A6002F411C /* Base */ = {
			isa = PBXGroup;
			children = (
				75BC13692A32638B002F411C /* BaseViewController.swift */,
			);
			path = Base;
			sourceTree = "<group>";
		};
		75BC136C2A3265C0002F411C /* App */ = {
			isa = PBXGroup;
			children = (
				757478E02A311F69002E0E06 /* AppDelegate.swift */,
				757478E22A311F69002E0E06 /* SceneDelegate.swift */,
			);
			path = App;
			sourceTree = "<group>";
		};
		75BC136D2A326BE2002F411C /* SplashModule */ = {
			isa = PBXGroup;
			children = (
				75BC13792A327DA9002F411C /* SplashViewController.xib */,
				75BC13782A327DA9002F411C /* SplashViewController.swift */,
				75BC137C2A327E67002F411C /* SplashPresenter.swift */,
				75BC13802A327F34002F411C /* SplashInteractor.swift */,
				75BC137E2A327F26002F411C /* SplashRouter.swift */,
			);
			path = SplashModule;
			sourceTree = "<group>";
		};
		75BC13702A326DB2002F411C /* Cells */ = {
			isa = PBXGroup;
			children = (
				75BC13772A327D6E002F411C /* SongViewCell */,
			);
			path = Cells;
			sourceTree = "<group>";
		};
		75BC13712A326DE2002F411C /* Views */ = {
			isa = PBXGroup;
			children = (
			);
			path = Views;
			sourceTree = "<group>";
		};
		75BC13722A326DE8002F411C /* Entity */ = {
			isa = PBXGroup;
			children = (
			);
			path = Entity;
			sourceTree = "<group>";
		};
		75BC13772A327D6E002F411C /* SongViewCell */ = {
			isa = PBXGroup;
			children = (
				75BC13732A327D29002F411C /* SongViewCell.swift */,
				75BC13742A327D29002F411C /* SongViewCell.xib */,
				75F07EB52A33BBF9005848C0 /* SongViewCellPresenter.swift */,
				753951D22A3450A300072E18 /* SongViewCellInteractor.swift */,
			);
			path = SongViewCell;
			sourceTree = "<group>";
		};
		75EF31662A39B16F00DB9516 /* Repostories */ = {
			isa = PBXGroup;
			children = (
				75EF31672A39B19700DB9516 /* FavortiesRepository.swift */,
			);
			path = Repostories;
			sourceTree = "<group>";
		};
		75F07EB12A328319005848C0 /* Packages */ = {
			isa = PBXGroup;
			children = (
				75F07EB22A328319005848C0 /* ITunesAPI */,
				753951D42A3462EC00072E18 /* MusicPlayer */,
			);
			name = Packages;
			sourceTree = "<group>";
		};
/* End PBXGroup section */

/* Begin PBXNativeTarget section */
		757478DC2A311F69002E0E06 /* ITunesApp */ = {
			isa = PBXNativeTarget;
			buildConfigurationList = 7574790A2A311F6A002E0E06 /* Build configuration list for PBXNativeTarget "ITunesApp" */;
			buildPhases = (
				757478D92A311F69002E0E06 /* Sources */,
				757478DA2A311F69002E0E06 /* Frameworks */,
				757478DB2A311F69002E0E06 /* Resources */,
			);
			buildRules = (
			);
			dependencies = (
			);
			name = ITunesApp;
			packageProductDependencies = (
				75BC133B2A31E9EB002F411C /* ITunesAPI */,
				753951D52A3462FF00072E18 /* MusicPlayer */,
				7552F0412A378CD1001D1EAD /* SDWebImage */,
			);
			productName = ITunesApp;
			productReference = 757478DD2A311F69002E0E06 /* ITunesApp.app */;
			productType = "com.apple.product-type.application";
		};
		757478F52A311F6A002E0E06 /* ITunesAppTests */ = {
			isa = PBXNativeTarget;
			buildConfigurationList = 7574790D2A311F6A002E0E06 /* Build configuration list for PBXNativeTarget "ITunesAppTests" */;
			buildPhases = (
				757478F22A311F6A002E0E06 /* Sources */,
				757478F32A311F6A002E0E06 /* Frameworks */,
				757478F42A311F6A002E0E06 /* Resources */,
			);
			buildRules = (
			);
			dependencies = (
				757478F82A311F6A002E0E06 /* PBXTargetDependency */,
			);
			name = ITunesAppTests;
			productName = ITunesAppTests;
			productReference = 757478F62A311F6A002E0E06 /* ITunesAppTests.xctest */;
			productType = "com.apple.product-type.bundle.unit-test";
		};
		757478FF2A311F6A002E0E06 /* ITunesAppUITests */ = {
			isa = PBXNativeTarget;
			buildConfigurationList = 757479102A311F6A002E0E06 /* Build configuration list for PBXNativeTarget "ITunesAppUITests" */;
			buildPhases = (
				757478FC2A311F6A002E0E06 /* Sources */,
				757478FD2A311F6A002E0E06 /* Frameworks */,
				757478FE2A311F6A002E0E06 /* Resources */,
			);
			buildRules = (
			);
			dependencies = (
				757479022A311F6A002E0E06 /* PBXTargetDependency */,
			);
			name = ITunesAppUITests;
			productName = ITunesAppUITests;
			productReference = 757479002A311F6A002E0E06 /* ITunesAppUITests.xctest */;
			productType = "com.apple.product-type.bundle.ui-testing";
		};
/* End PBXNativeTarget section */

/* Begin PBXProject section */
		757478D52A311F69002E0E06 /* Project object */ = {
			isa = PBXProject;
			attributes = {
				BuildIndependentTargetsInParallel = 1;
				LastSwiftUpdateCheck = 1420;
				LastUpgradeCheck = 1420;
				TargetAttributes = {
					757478DC2A311F69002E0E06 = {
						CreatedOnToolsVersion = 14.2;
					};
					757478F52A311F6A002E0E06 = {
						CreatedOnToolsVersion = 14.2;
						TestTargetID = 757478DC2A311F69002E0E06;
					};
					757478FF2A311F6A002E0E06 = {
						CreatedOnToolsVersion = 14.2;
						TestTargetID = 757478DC2A311F69002E0E06;
					};
				};
			};
			buildConfigurationList = 757478D82A311F69002E0E06 /* Build configuration list for PBXProject "ITunesApp" */;
			compatibilityVersion = "Xcode 14.0";
			developmentRegion = en;
			hasScannedForEncodings = 0;
			knownRegions = (
				en,
				Base,
			);
			mainGroup = 757478D42A311F69002E0E06;
			packageReferences = (
				7552F0402A378CD1001D1EAD /* XCRemoteSwiftPackageReference "SDWebImage" */,
			);
			productRefGroup = 757478DE2A311F69002E0E06 /* Products */;
			projectDirPath = "";
			projectRoot = "";
			targets = (
				757478DC2A311F69002E0E06 /* ITunesApp */,
				757478F52A311F6A002E0E06 /* ITunesAppTests */,
				757478FF2A311F6A002E0E06 /* ITunesAppUITests */,
			);
		};
/* End PBXProject section */

/* Begin PBXResourcesBuildPhase section */
		757478DB2A311F69002E0E06 /* Resources */ = {
			isa = PBXResourcesBuildPhase;
			buildActionMask = 2147483647;
			files = (
				75ED21282A34C88D000CFC6A /* DetailViewController.storyboard in Resources */,
				757478F02A311F6A002E0E06 /* LaunchScreen.storyboard in Resources */,
				75EF315F2A39346100DB9516 /* FavoritesViewController.storyboard in Resources */,
				757478ED2A311F6A002E0E06 /* Assets.xcassets in Resources */,
				757478E82A311F69002E0E06 /* Main.storyboard in Resources */,
				75BC137B2A327DA9002F411C /* SplashViewController.xib in Resources */,
				7552F0582A392D01001D1EAD /* FavoritesCollectionViewCell.xib in Resources */,
				75BC13762A327D29002F411C /* SongViewCell.xib in Resources */,
				75F07EB42A33A406005848C0 /* SearchViewController.storyboard in Resources */,
			);
			runOnlyForDeploymentPostprocessing = 0;
		};
		757478F42A311F6A002E0E06 /* Resources */ = {
			isa = PBXResourcesBuildPhase;
			buildActionMask = 2147483647;
			files = (
			);
			runOnlyForDeploymentPostprocessing = 0;
		};
		757478FE2A311F6A002E0E06 /* Resources */ = {
			isa = PBXResourcesBuildPhase;
			buildActionMask = 2147483647;
			files = (
			);
			runOnlyForDeploymentPostprocessing = 0;
		};
/* End PBXResourcesBuildPhase section */

/* Begin PBXSourcesBuildPhase section */
		757478D92A311F69002E0E06 /* Sources */ = {
			isa = PBXSourcesBuildPhase;
			buildActionMask = 2147483647;
			files = (
				75F07EB62A33BBF9005848C0 /* SongViewCellPresenter.swift in Sources */,
				75BC13752A327D29002F411C /* SongViewCell.swift in Sources */,
				7552F0482A379FF0001D1EAD /* UIImageView+Extension.swift in Sources */,
				75BC134A2A323640002F411C /* DetailViewController.swift in Sources */,
				7552F0532A392CA4001D1EAD /* FavoritesRouter.swift in Sources */,
				757478E52A311F69002E0E06 /* SearchViewController.swift in Sources */,
				75BC13812A327F34002F411C /* SplashInteractor.swift in Sources */,
				753951D32A3450A300072E18 /* SongViewCellInteractor.swift in Sources */,
				75BC13522A323681002F411C /* DetailRouter.swift in Sources */,
				75BC13502A323675002F411C /* DetailInteractor.swift in Sources */,
				7552F03F2A3787F4001D1EAD /* String+Extension.swift in Sources */,
				75BC136A2A32638B002F411C /* BaseViewController.swift in Sources */,
				75BC135C2A324DF1002F411C /* LoadingView.swift in Sources */,
				75BC137D2A327E67002F411C /* SplashPresenter.swift in Sources */,
				7552F0462A3798C2001D1EAD /* UIView+Extension.swift in Sources */,
				75EF31632A393BAC00DB9516 /* FavoritesCollectionViewCellInteractor.swift in Sources */,
				75BC137F2A327F26002F411C /* SplashRouter.swift in Sources */,
				75EF31682A39B19700DB9516 /* FavortiesRepository.swift in Sources */,
				7552F0442A3793C4001D1EAD /* UIImage+Extension.swift in Sources */,
				7552F0512A392C8B001D1EAD /* FavoritesInteractor.swift in Sources */,
				75BC134E2A323663002F411C /* DetailPresenter.swift in Sources */,
				75BC13442A3235BF002F411C /* SearchPresenter.swift in Sources */,
				757478E12A311F69002E0E06 /* AppDelegate.swift in Sources */,
				75BC13482A3235F4002F411C /* SearchRouter.swift in Sources */,
				7552F04F2A392C7E001D1EAD /* FavoritesPresenter.swift in Sources */,
				7552F0572A392D01001D1EAD /* FavoritesCollectionViewCell.swift in Sources */,
				75EF316A2A39B4C300DB9516 /* SearchEntity.swift in Sources */,
				75FC206B2A39DB61003F43F0 /* Helper.swift in Sources */,
				757478E32A311F69002E0E06 /* SceneDelegate.swift in Sources */,
				757478EB2A311F69002E0E06 /* ITunesApp.xcdatamodeld in Sources */,
				75BC13552A324D3B002F411C /* UICollectionView+Extansion.swift in Sources */,
				75EF31612A393B9700DB9516 /* FavoritesCollectionViewCellPresenter.swift in Sources */,
				7552F04C2A392C5E001D1EAD /* FavoritesViewController.swift in Sources */,
				75BC135E2A324E1B002F411C /* LoadingShowable.swift in Sources */,
				75BC13572A324D5F002F411C /* UICollectionViewCell+Extansion.swift in Sources */,
				75BC13462A3235DB002F411C /* SearchInteractor.swift in Sources */,
				75BC136F2A326C57002F411C /* ClassName+Extension.swift in Sources */,
				75BC137A2A327DA9002F411C /* SplashViewController.swift in Sources */,
			);
			runOnlyForDeploymentPostprocessing = 0;
		};
		757478F22A311F6A002E0E06 /* Sources */ = {
			isa = PBXSourcesBuildPhase;
			buildActionMask = 2147483647;
			files = (
				757478FB2A311F6A002E0E06 /* ITunesAppTests.swift in Sources */,
			);
			runOnlyForDeploymentPostprocessing = 0;
		};
		757478FC2A311F6A002E0E06 /* Sources */ = {
			isa = PBXSourcesBuildPhase;
			buildActionMask = 2147483647;
			files = (
				757479072A311F6A002E0E06 /* ITunesAppUITestsLaunchTests.swift in Sources */,
				757479052A311F6A002E0E06 /* ITunesAppUITests.swift in Sources */,
			);
			runOnlyForDeploymentPostprocessing = 0;
		};
/* End PBXSourcesBuildPhase section */

/* Begin PBXTargetDependency section */
		757478F82A311F6A002E0E06 /* PBXTargetDependency */ = {
			isa = PBXTargetDependency;
			target = 757478DC2A311F69002E0E06 /* ITunesApp */;
			targetProxy = 757478F72A311F6A002E0E06 /* PBXContainerItemProxy */;
		};
		757479022A311F6A002E0E06 /* PBXTargetDependency */ = {
			isa = PBXTargetDependency;
			target = 757478DC2A311F69002E0E06 /* ITunesApp */;
			targetProxy = 757479012A311F6A002E0E06 /* PBXContainerItemProxy */;
		};
/* End PBXTargetDependency section */

/* Begin PBXVariantGroup section */
		757478E62A311F69002E0E06 /* Main.storyboard */ = {
			isa = PBXVariantGroup;
			children = (
				757478E72A311F69002E0E06 /* Base */,
			);
			name = Main.storyboard;
			sourceTree = "<group>";
		};
		757478EE2A311F6A002E0E06 /* LaunchScreen.storyboard */ = {
			isa = PBXVariantGroup;
			children = (
				757478EF2A311F6A002E0E06 /* Base */,
			);
			name = LaunchScreen.storyboard;
			sourceTree = "<group>";
		};
/* End PBXVariantGroup section */

/* Begin XCBuildConfiguration section */
		757479082A311F6A002E0E06 /* Debug */ = {
			isa = XCBuildConfiguration;
			buildSettings = {
				ALWAYS_SEARCH_USER_PATHS = NO;
				CLANG_ANALYZER_NONNULL = YES;
				CLANG_ANALYZER_NUMBER_OBJECT_CONVERSION = YES_AGGRESSIVE;
				CLANG_CXX_LANGUAGE_STANDARD = "gnu++20";
				CLANG_ENABLE_MODULES = YES;
				CLANG_ENABLE_OBJC_ARC = YES;
				CLANG_ENABLE_OBJC_WEAK = YES;
				CLANG_WARN_BLOCK_CAPTURE_AUTORELEASING = YES;
				CLANG_WARN_BOOL_CONVERSION = YES;
				CLANG_WARN_COMMA = YES;
				CLANG_WARN_CONSTANT_CONVERSION = YES;
				CLANG_WARN_DEPRECATED_OBJC_IMPLEMENTATIONS = YES;
				CLANG_WARN_DIRECT_OBJC_ISA_USAGE = YES_ERROR;
				CLANG_WARN_DOCUMENTATION_COMMENTS = YES;
				CLANG_WARN_EMPTY_BODY = YES;
				CLANG_WARN_ENUM_CONVERSION = YES;
				CLANG_WARN_INFINITE_RECURSION = YES;
				CLANG_WARN_INT_CONVERSION = YES;
				CLANG_WARN_NON_LITERAL_NULL_CONVERSION = YES;
				CLANG_WARN_OBJC_IMPLICIT_RETAIN_SELF = YES;
				CLANG_WARN_OBJC_LITERAL_CONVERSION = YES;
				CLANG_WARN_OBJC_ROOT_CLASS = YES_ERROR;
				CLANG_WARN_QUOTED_INCLUDE_IN_FRAMEWORK_HEADER = YES;
				CLANG_WARN_RANGE_LOOP_ANALYSIS = YES;
				CLANG_WARN_STRICT_PROTOTYPES = YES;
				CLANG_WARN_SUSPICIOUS_MOVE = YES;
				CLANG_WARN_UNGUARDED_AVAILABILITY = YES_AGGRESSIVE;
				CLANG_WARN_UNREACHABLE_CODE = YES;
				CLANG_WARN__DUPLICATE_METHOD_MATCH = YES;
				COPY_PHASE_STRIP = NO;
				DEBUG_INFORMATION_FORMAT = dwarf;
				ENABLE_STRICT_OBJC_MSGSEND = YES;
				ENABLE_TESTABILITY = YES;
				GCC_C_LANGUAGE_STANDARD = gnu11;
				GCC_DYNAMIC_NO_PIC = NO;
				GCC_NO_COMMON_BLOCKS = YES;
				GCC_OPTIMIZATION_LEVEL = 0;
				GCC_PREPROCESSOR_DEFINITIONS = (
					"DEBUG=1",
					"$(inherited)",
				);
				GCC_WARN_64_TO_32_BIT_CONVERSION = YES;
				GCC_WARN_ABOUT_RETURN_TYPE = YES_ERROR;
				GCC_WARN_UNDECLARED_SELECTOR = YES;
				GCC_WARN_UNINITIALIZED_AUTOS = YES_AGGRESSIVE;
				GCC_WARN_UNUSED_FUNCTION = YES;
				GCC_WARN_UNUSED_VARIABLE = YES;
				IPHONEOS_DEPLOYMENT_TARGET = 16.2;
				MTL_ENABLE_DEBUG_INFO = INCLUDE_SOURCE;
				MTL_FAST_MATH = YES;
				ONLY_ACTIVE_ARCH = YES;
				SDKROOT = iphoneos;
				SWIFT_ACTIVE_COMPILATION_CONDITIONS = DEBUG;
				SWIFT_OPTIMIZATION_LEVEL = "-Onone";
			};
			name = Debug;
		};
		757479092A311F6A002E0E06 /* Release */ = {
			isa = XCBuildConfiguration;
			buildSettings = {
				ALWAYS_SEARCH_USER_PATHS = NO;
				CLANG_ANALYZER_NONNULL = YES;
				CLANG_ANALYZER_NUMBER_OBJECT_CONVERSION = YES_AGGRESSIVE;
				CLANG_CXX_LANGUAGE_STANDARD = "gnu++20";
				CLANG_ENABLE_MODULES = YES;
				CLANG_ENABLE_OBJC_ARC = YES;
				CLANG_ENABLE_OBJC_WEAK = YES;
				CLANG_WARN_BLOCK_CAPTURE_AUTORELEASING = YES;
				CLANG_WARN_BOOL_CONVERSION = YES;
				CLANG_WARN_COMMA = YES;
				CLANG_WARN_CONSTANT_CONVERSION = YES;
				CLANG_WARN_DEPRECATED_OBJC_IMPLEMENTATIONS = YES;
				CLANG_WARN_DIRECT_OBJC_ISA_USAGE = YES_ERROR;
				CLANG_WARN_DOCUMENTATION_COMMENTS = YES;
				CLANG_WARN_EMPTY_BODY = YES;
				CLANG_WARN_ENUM_CONVERSION = YES;
				CLANG_WARN_INFINITE_RECURSION = YES;
				CLANG_WARN_INT_CONVERSION = YES;
				CLANG_WARN_NON_LITERAL_NULL_CONVERSION = YES;
				CLANG_WARN_OBJC_IMPLICIT_RETAIN_SELF = YES;
				CLANG_WARN_OBJC_LITERAL_CONVERSION = YES;
				CLANG_WARN_OBJC_ROOT_CLASS = YES_ERROR;
				CLANG_WARN_QUOTED_INCLUDE_IN_FRAMEWORK_HEADER = YES;
				CLANG_WARN_RANGE_LOOP_ANALYSIS = YES;
				CLANG_WARN_STRICT_PROTOTYPES = YES;
				CLANG_WARN_SUSPICIOUS_MOVE = YES;
				CLANG_WARN_UNGUARDED_AVAILABILITY = YES_AGGRESSIVE;
				CLANG_WARN_UNREACHABLE_CODE = YES;
				CLANG_WARN__DUPLICATE_METHOD_MATCH = YES;
				COPY_PHASE_STRIP = NO;
				DEBUG_INFORMATION_FORMAT = "dwarf-with-dsym";
				ENABLE_NS_ASSERTIONS = NO;
				ENABLE_STRICT_OBJC_MSGSEND = YES;
				GCC_C_LANGUAGE_STANDARD = gnu11;
				GCC_NO_COMMON_BLOCKS = YES;
				GCC_WARN_64_TO_32_BIT_CONVERSION = YES;
				GCC_WARN_ABOUT_RETURN_TYPE = YES_ERROR;
				GCC_WARN_UNDECLARED_SELECTOR = YES;
				GCC_WARN_UNINITIALIZED_AUTOS = YES_AGGRESSIVE;
				GCC_WARN_UNUSED_FUNCTION = YES;
				GCC_WARN_UNUSED_VARIABLE = YES;
				IPHONEOS_DEPLOYMENT_TARGET = 16.2;
				MTL_ENABLE_DEBUG_INFO = NO;
				MTL_FAST_MATH = YES;
				SDKROOT = iphoneos;
				SWIFT_COMPILATION_MODE = wholemodule;
				SWIFT_OPTIMIZATION_LEVEL = "-O";
				VALIDATE_PRODUCT = YES;
			};
			name = Release;
		};
		7574790B2A311F6A002E0E06 /* Debug */ = {
			isa = XCBuildConfiguration;
			buildSettings = {
				ASSETCATALOG_COMPILER_APPICON_NAME = AppIcon;
				ASSETCATALOG_COMPILER_GLOBAL_ACCENT_COLOR_NAME = AccentColor;
				CODE_SIGN_STYLE = Automatic;
				CURRENT_PROJECT_VERSION = 1;
				GENERATE_INFOPLIST_FILE = YES;
				INFOPLIST_FILE = ITunesApp/Info.plist;
				INFOPLIST_KEY_UIApplicationSupportsIndirectInputEvents = YES;
				INFOPLIST_KEY_UILaunchStoryboardName = LaunchScreen;
				INFOPLIST_KEY_UIMainStoryboardFile = Main;
				INFOPLIST_KEY_UISupportedInterfaceOrientations_iPad = "UIInterfaceOrientationPortrait UIInterfaceOrientationPortraitUpsideDown UIInterfaceOrientationLandscapeLeft UIInterfaceOrientationLandscapeRight";
				INFOPLIST_KEY_UISupportedInterfaceOrientations_iPhone = "UIInterfaceOrientationPortrait UIInterfaceOrientationLandscapeLeft UIInterfaceOrientationLandscapeRight";
				LD_RUNPATH_SEARCH_PATHS = (
					"$(inherited)",
					"@executable_path/Frameworks",
				);
				MARKETING_VERSION = 1.0;
				PRODUCT_BUNDLE_IDENTIFIER = "-23.ITunesApp";
				PRODUCT_NAME = "$(TARGET_NAME)";
				SWIFT_EMIT_LOC_STRINGS = YES;
				SWIFT_VERSION = 5.0;
				TARGETED_DEVICE_FAMILY = "1,2";
			};
			name = Debug;
		};
		7574790C2A311F6A002E0E06 /* Release */ = {
			isa = XCBuildConfiguration;
			buildSettings = {
				ASSETCATALOG_COMPILER_APPICON_NAME = AppIcon;
				ASSETCATALOG_COMPILER_GLOBAL_ACCENT_COLOR_NAME = AccentColor;
				CODE_SIGN_STYLE = Automatic;
				CURRENT_PROJECT_VERSION = 1;
				GENERATE_INFOPLIST_FILE = YES;
				INFOPLIST_FILE = ITunesApp/Info.plist;
				INFOPLIST_KEY_UIApplicationSupportsIndirectInputEvents = YES;
				INFOPLIST_KEY_UILaunchStoryboardName = LaunchScreen;
				INFOPLIST_KEY_UIMainStoryboardFile = Main;
				INFOPLIST_KEY_UISupportedInterfaceOrientations_iPad = "UIInterfaceOrientationPortrait UIInterfaceOrientationPortraitUpsideDown UIInterfaceOrientationLandscapeLeft UIInterfaceOrientationLandscapeRight";
				INFOPLIST_KEY_UISupportedInterfaceOrientations_iPhone = "UIInterfaceOrientationPortrait UIInterfaceOrientationLandscapeLeft UIInterfaceOrientationLandscapeRight";
				LD_RUNPATH_SEARCH_PATHS = (
					"$(inherited)",
					"@executable_path/Frameworks",
				);
				MARKETING_VERSION = 1.0;
				PRODUCT_BUNDLE_IDENTIFIER = "-23.ITunesApp";
				PRODUCT_NAME = "$(TARGET_NAME)";
				SWIFT_EMIT_LOC_STRINGS = YES;
				SWIFT_VERSION = 5.0;
				TARGETED_DEVICE_FAMILY = "1,2";
			};
			name = Release;
		};
		7574790E2A311F6A002E0E06 /* Debug */ = {
			isa = XCBuildConfiguration;
			buildSettings = {
				ALWAYS_EMBED_SWIFT_STANDARD_LIBRARIES = YES;
				BUNDLE_LOADER = "$(TEST_HOST)";
				CODE_SIGN_STYLE = Automatic;
				CURRENT_PROJECT_VERSION = 1;
				GENERATE_INFOPLIST_FILE = YES;
				IPHONEOS_DEPLOYMENT_TARGET = 16.2;
				MARKETING_VERSION = 1.0;
				PRODUCT_BUNDLE_IDENTIFIER = "-23.ITunesAppTests";
				PRODUCT_NAME = "$(TARGET_NAME)";
				SWIFT_EMIT_LOC_STRINGS = NO;
				SWIFT_VERSION = 5.0;
				TARGETED_DEVICE_FAMILY = "1,2";
				TEST_HOST = "$(BUILT_PRODUCTS_DIR)/ITunesApp.app/$(BUNDLE_EXECUTABLE_FOLDER_PATH)/ITunesApp";
			};
			name = Debug;
		};
		7574790F2A311F6A002E0E06 /* Release */ = {
			isa = XCBuildConfiguration;
			buildSettings = {
				ALWAYS_EMBED_SWIFT_STANDARD_LIBRARIES = YES;
				BUNDLE_LOADER = "$(TEST_HOST)";
				CODE_SIGN_STYLE = Automatic;
				CURRENT_PROJECT_VERSION = 1;
				GENERATE_INFOPLIST_FILE = YES;
				IPHONEOS_DEPLOYMENT_TARGET = 16.2;
				MARKETING_VERSION = 1.0;
				PRODUCT_BUNDLE_IDENTIFIER = "-23.ITunesAppTests";
				PRODUCT_NAME = "$(TARGET_NAME)";
				SWIFT_EMIT_LOC_STRINGS = NO;
				SWIFT_VERSION = 5.0;
				TARGETED_DEVICE_FAMILY = "1,2";
				TEST_HOST = "$(BUILT_PRODUCTS_DIR)/ITunesApp.app/$(BUNDLE_EXECUTABLE_FOLDER_PATH)/ITunesApp";
			};
			name = Release;
		};
		757479112A311F6A002E0E06 /* Debug */ = {
			isa = XCBuildConfiguration;
			buildSettings = {
				ALWAYS_EMBED_SWIFT_STANDARD_LIBRARIES = YES;
				CODE_SIGN_STYLE = Automatic;
				CURRENT_PROJECT_VERSION = 1;
				GENERATE_INFOPLIST_FILE = YES;
				MARKETING_VERSION = 1.0;
				PRODUCT_BUNDLE_IDENTIFIER = "-23.ITunesAppUITests";
				PRODUCT_NAME = "$(TARGET_NAME)";
				SWIFT_EMIT_LOC_STRINGS = NO;
				SWIFT_VERSION = 5.0;
				TARGETED_DEVICE_FAMILY = "1,2";
				TEST_TARGET_NAME = ITunesApp;
			};
			name = Debug;
		};
		757479122A311F6A002E0E06 /* Release */ = {
			isa = XCBuildConfiguration;
			buildSettings = {
				ALWAYS_EMBED_SWIFT_STANDARD_LIBRARIES = YES;
				CODE_SIGN_STYLE = Automatic;
				CURRENT_PROJECT_VERSION = 1;
				GENERATE_INFOPLIST_FILE = YES;
				MARKETING_VERSION = 1.0;
				PRODUCT_BUNDLE_IDENTIFIER = "-23.ITunesAppUITests";
				PRODUCT_NAME = "$(TARGET_NAME)";
				SWIFT_EMIT_LOC_STRINGS = NO;
				SWIFT_VERSION = 5.0;
				TARGETED_DEVICE_FAMILY = "1,2";
				TEST_TARGET_NAME = ITunesApp;
			};
			name = Release;
		};
/* End XCBuildConfiguration section */

/* Begin XCConfigurationList section */
		757478D82A311F69002E0E06 /* Build configuration list for PBXProject "ITunesApp" */ = {
			isa = XCConfigurationList;
			buildConfigurations = (
				757479082A311F6A002E0E06 /* Debug */,
				757479092A311F6A002E0E06 /* Release */,
			);
			defaultConfigurationIsVisible = 0;
			defaultConfigurationName = Release;
		};
		7574790A2A311F6A002E0E06 /* Build configuration list for PBXNativeTarget "ITunesApp" */ = {
			isa = XCConfigurationList;
			buildConfigurations = (
				7574790B2A311F6A002E0E06 /* Debug */,
				7574790C2A311F6A002E0E06 /* Release */,
			);
			defaultConfigurationIsVisible = 0;
			defaultConfigurationName = Release;
		};
		7574790D2A311F6A002E0E06 /* Build configuration list for PBXNativeTarget "ITunesAppTests" */ = {
			isa = XCConfigurationList;
			buildConfigurations = (
				7574790E2A311F6A002E0E06 /* Debug */,
				7574790F2A311F6A002E0E06 /* Release */,
			);
			defaultConfigurationIsVisible = 0;
			defaultConfigurationName = Release;
		};
		757479102A311F6A002E0E06 /* Build configuration list for PBXNativeTarget "ITunesAppUITests" */ = {
			isa = XCConfigurationList;
			buildConfigurations = (
				757479112A311F6A002E0E06 /* Debug */,
				757479122A311F6A002E0E06 /* Release */,
			);
			defaultConfigurationIsVisible = 0;
			defaultConfigurationName = Release;
		};
/* End XCConfigurationList section */

/* Begin XCRemoteSwiftPackageReference section */
		7552F0402A378CD1001D1EAD /* XCRemoteSwiftPackageReference "SDWebImage" */ = {
			isa = XCRemoteSwiftPackageReference;
			repositoryURL = "https://github.com/SDWebImage/SDWebImage.git";
			requirement = {
				branch = master;
				kind = branch;
			};
		};
/* End XCRemoteSwiftPackageReference section */

/* Begin XCSwiftPackageProductDependency section */
		753951D52A3462FF00072E18 /* MusicPlayer */ = {
			isa = XCSwiftPackageProductDependency;
			productName = MusicPlayer;
		};
		7552F0412A378CD1001D1EAD /* SDWebImage */ = {
			isa = XCSwiftPackageProductDependency;
			package = 7552F0402A378CD1001D1EAD /* XCRemoteSwiftPackageReference "SDWebImage" */;
			productName = SDWebImage;
		};
		75BC133B2A31E9EB002F411C /* ITunesAPI */ = {
			isa = XCSwiftPackageProductDependency;
			productName = ITunesAPI;
		};
/* End XCSwiftPackageProductDependency section */

/* Begin XCVersionGroup section */
		757478E92A311F69002E0E06 /* ITunesApp.xcdatamodeld */ = {
			isa = XCVersionGroup;
			children = (
				757478EA2A311F69002E0E06 /* ITunesApp.xcdatamodel */,
			);
			currentVersion = 757478EA2A311F69002E0E06 /* ITunesApp.xcdatamodel */;
			path = ITunesApp.xcdatamodeld;
			sourceTree = "<group>";
			versionGroupType = wrapper.xcdatamodel;
		};
/* End XCVersionGroup section */
	};
	rootObject = 757478D52A311F69002E0E06 /* Project object */;
}
